
Microsoft Visual Studio Solution File, Format Version 12.00
# Visual Studio Version 17
VisualStudioVersion = 17.11.35222.181
MinimumVisualStudioVersion = 10.0.40219.1
Project("{9A19103F-16F7-4668-BE54-9A1E7A4F7556}") = "WpfMvvmUA2", "WpfMvvmUA2\WpfMvvmUA2.csproj", "{05AB454E-2CA6-49D7-A3C0-27D8FB1CBC95}"
EndProject
Global
	GlobalSection(SolutionConfigurationPlatforms) = preSolution
		Debug|Any CPU = Debug|Any CPU
		Release|Any CPU = Release|Any CPU
	EndGlobalSection
	GlobalSection(ProjectConfigurationPlatforms) = postSolution
		{05AB454E-2CA6-49D7-A3C0-27D8FB1CBC95}.Debug|Any CPU.ActiveCfg = Debug|Any CPU
		{05AB454E-2CA6-49D7-A3C0-27D8FB1CBC95}.Debug|Any CPU.Build.0 = Debug|Any CPU
		{05AB454E-2CA6-49D7-A3C0-27D8FB1CBC95}.Release|Any CPU.ActiveCfg = Release|Any CPU
		{05AB454E-2CA6-49D7-A3C0-27D8FB1CBC95}.Release|Any CPU.Build.0 = Release|Any CPU
	EndGlobalSection
	GlobalSection(SolutionProperties) = preSolution
		HideSolutionNode = FALSE
	EndGlobalSection
	GlobalSection(ExtensibilityGlobals) = postSolution
		SolutionGuid = {743E3756-D8FC-458F-90C8-969AAFFEC5A2}
	EndGlobalSection
EndGlobal
